
Microsoft Visual Studio Solution File, Format Version 12.00
# Visual Studio Version 17
VisualStudioVersion = 17.2.32602.215
MinimumVisualStudioVersion = 10.0.40219.1
Project("{9A19103F-16F7-4668-BE54-9A1E7A4F7556}") = "AureWebApiDemo", "AureWebApiDemo\AureWebApiDemo.csproj", "{86E09E3F-6AF6-41FD-AC09-8F45C4EC8CE6}"
EndProject
Project("{9A19103F-16F7-4668-BE54-9A1E7A4F7556}") = "AzureWebApiSolution", "AzureWebApiSolution\AzureWebApiSolution.csproj", "{167F35C5-D1D6-48F9-8C21-C72F466A47B5}"
EndProject
Project("{9A19103F-16F7-4668-BE54-9A1E7A4F7556}") = "ImageResizer", "ImageResizer\ImageResizer.csproj", "{2E152AF9-424D-4880-A518-A1563107416F}"
EndProject
Project("{9A19103F-16F7-4668-BE54-9A1E7A4F7556}") = "EventhubDemo", "EventhubDemo\EventhubDemo.csproj", "{917CAFAA-9B7A-4110-8830-5373C8C76EFD}"
EndProject
Project("{FAE04EC0-301F-11D3-BF4B-00C04F79EFBC}") = "IngestionFunc", "IngestionFunc\IngestionFunc.csproj", "{A5837214-E15D-44C5-836A-EFE553EFF798}"
EndProject
Global
	GlobalSection(SolutionConfigurationPlatforms) = preSolution
		Debug|Any CPU = Debug|Any CPU
		Release|Any CPU = Release|Any CPU
	EndGlobalSection
	GlobalSection(ProjectConfigurationPlatforms) = postSolution
		{86E09E3F-6AF6-41FD-AC09-8F45C4EC8CE6}.Debug|Any CPU.ActiveCfg = Debug|Any CPU
		{86E09E3F-6AF6-41FD-AC09-8F45C4EC8CE6}.Debug|Any CPU.Build.0 = Debug|Any CPU
		{86E09E3F-6AF6-41FD-AC09-8F45C4EC8CE6}.Release|Any CPU.ActiveCfg = Release|Any CPU
		{86E09E3F-6AF6-41FD-AC09-8F45C4EC8CE6}.Release|Any CPU.Build.0 = Release|Any CPU
		{167F35C5-D1D6-48F9-8C21-C72F466A47B5}.Debug|Any CPU.ActiveCfg = Debug|Any CPU
		{167F35C5-D1D6-48F9-8C21-C72F466A47B5}.Debug|Any CPU.Build.0 = Debug|Any CPU
		{167F35C5-D1D6-48F9-8C21-C72F466A47B5}.Release|Any CPU.ActiveCfg = Release|Any CPU
		{167F35C5-D1D6-48F9-8C21-C72F466A47B5}.Release|Any CPU.Build.0 = Release|Any CPU
		{2E152AF9-424D-4880-A518-A1563107416F}.Debug|Any CPU.ActiveCfg = Debug|Any CPU
		{2E152AF9-424D-4880-A518-A1563107416F}.Debug|Any CPU.Build.0 = Debug|Any CPU
		{2E152AF9-424D-4880-A518-A1563107416F}.Release|Any CPU.ActiveCfg = Release|Any CPU
		{2E152AF9-424D-4880-A518-A1563107416F}.Release|Any CPU.Build.0 = Release|Any CPU
		{917CAFAA-9B7A-4110-8830-5373C8C76EFD}.Debug|Any CPU.ActiveCfg = Debug|Any CPU
		{917CAFAA-9B7A-4110-8830-5373C8C76EFD}.Debug|Any CPU.Build.0 = Debug|Any CPU
		{917CAFAA-9B7A-4110-8830-5373C8C76EFD}.Release|Any CPU.ActiveCfg = Release|Any CPU
		{917CAFAA-9B7A-4110-8830-5373C8C76EFD}.Release|Any CPU.Build.0 = Release|Any CPU
		{A5837214-E15D-44C5-836A-EFE553EFF798}.Debug|Any CPU.ActiveCfg = Debug|Any CPU
		{A5837214-E15D-44C5-836A-EFE553EFF798}.Debug|Any CPU.Build.0 = Debug|Any CPU
		{A5837214-E15D-44C5-836A-EFE553EFF798}.Release|Any CPU.ActiveCfg = Release|Any CPU
		{A5837214-E15D-44C5-836A-EFE553EFF798}.Release|Any CPU.Build.0 = Release|Any CPU
	EndGlobalSection
	GlobalSection(SolutionProperties) = preSolution
		HideSolutionNode = FALSE
	EndGlobalSection
	GlobalSection(ExtensibilityGlobals) = postSolution
		SolutionGuid = {BBA8F1CA-6364-4808-9A69-FA4E4516B9C8}
	EndGlobalSection
EndGlobal
